// !$*UTF8*$!
{
	archiveVersion = 1;
	classes = {
	};
	objectVersion = 46;
	objects = {

/* Begin PBXBuildFile section */
		03BCBE8F1CE6B24400CC322A /* Constants.swift in Sources */ = {isa = PBXBuildFile; fileRef = 03BCBE8E1CE6B24400CC322A /* Constants.swift */; };
		03BCBE931CE6B86600CC322A /* MapKit.framework in Frameworks */ = {isa = PBXBuildFile; fileRef = 03BCBE921CE6B86600CC322A /* MapKit.framework */; };
		1638206D1CD341B000A3FB29 /* Reachability.swift in Sources */ = {isa = PBXBuildFile; fileRef = 1638206C1CD341B000A3FB29 /* Reachability.swift */; };
		1638206F1CD34D2400A3FB29 /* ReportTableCell.swift in Sources */ = {isa = PBXBuildFile; fileRef = 1638206E1CD34D2400A3FB29 /* ReportTableCell.swift */; };
		16787CC21CEAA499009AF9E0 /* Main.storyboard in Resources */ = {isa = PBXBuildFile; fileRef = 16787CC01CEAA499009AF9E0 /* Main.storyboard */; };
		16787CC41CEAB4C6009AF9E0 /* Haneke.framework in Frameworks */ = {isa = PBXBuildFile; fileRef = 16787CB31CEA9F01009AF9E0 /* Haneke.framework */; };
		16787CC51CEAB4C6009AF9E0 /* Haneke.framework in Embed Frameworks */ = {isa = PBXBuildFile; fileRef = 16787CB31CEA9F01009AF9E0 /* Haneke.framework */; settings = {ATTRIBUTES = (CodeSignOnCopy, RemoveHeadersOnCopy, ); }; };
		16C1C9A71CED3218001B6E88 /* SwiftHTTP.framework in Frameworks */ = {isa = PBXBuildFile; fileRef = 16C1C9911CED3047001B6E88 /* SwiftHTTP.framework */; };
		16C1C9A81CED3218001B6E88 /* SwiftHTTP.framework in Embed Frameworks */ = {isa = PBXBuildFile; fileRef = 16C1C9911CED3047001B6E88 /* SwiftHTTP.framework */; settings = {ATTRIBUTES = (CodeSignOnCopy, RemoveHeadersOnCopy, ); }; };
		FC21A8151CCE0509007B1476 /* LoginVC.swift in Sources */ = {isa = PBXBuildFile; fileRef = FC21A8141CCE0509007B1476 /* LoginVC.swift */; };
		FC21A8171CCE062A007B1476 /* SignupVC.swift in Sources */ = {isa = PBXBuildFile; fileRef = FC21A8161CCE062A007B1476 /* SignupVC.swift */; };
		FC36CE9E1CCB41940079404C /* AppDelegate.swift in Sources */ = {isa = PBXBuildFile; fileRef = FC36CE9D1CCB41940079404C /* AppDelegate.swift */; };
		FC36CEA01CCB41940079404C /* ReportTableController.swift in Sources */ = {isa = PBXBuildFile; fileRef = FC36CE9F1CCB41940079404C /* ReportTableController.swift */; };
		FC36CEA51CCB41940079404C /* Assets.xcassets in Resources */ = {isa = PBXBuildFile; fileRef = FC36CEA41CCB41940079404C /* Assets.xcassets */; };
		FC36CEA81CCB41940079404C /* LaunchScreen.storyboard in Resources */ = {isa = PBXBuildFile; fileRef = FC36CEA61CCB41940079404C /* LaunchScreen.storyboard */; };
		FC36CEB31CCB41940079404C /* RescueHeroTests.swift in Sources */ = {isa = PBXBuildFile; fileRef = FC36CEB21CCB41940079404C /* RescueHeroTests.swift */; };
		FC36CEBE1CCB41940079404C /* RescueHeroUITests.swift in Sources */ = {isa = PBXBuildFile; fileRef = FC36CEBD1CCB41940079404C /* RescueHeroUITests.swift */; };
		FC8A41571CDBF4CD003C71DA /* AnimalVC.swift in Sources */ = {isa = PBXBuildFile; fileRef = FC8A41561CDBF4CD003C71DA /* AnimalVC.swift */; };
		FC8A41591CDBF7EA003C71DA /* Animal.swift in Sources */ = {isa = PBXBuildFile; fileRef = FC8A41581CDBF7EA003C71DA /* Animal.swift */; };
/* End PBXBuildFile section */

/* Begin PBXContainerItemProxy section */
		16787CB21CEA9F01009AF9E0 /* PBXContainerItemProxy */ = {
			isa = PBXContainerItemProxy;
			containerPortal = 16787CAB1CEA9F01009AF9E0 /* Haneke.xcodeproj */;
			proxyType = 2;
			remoteGlobalIDString = A095C9561980418C00CD0F4C;
			remoteInfo = "Haneke-iOS";
		};
		16787CB41CEA9F01009AF9E0 /* PBXContainerItemProxy */ = {
			isa = PBXContainerItemProxy;
			containerPortal = 16787CAB1CEA9F01009AF9E0 /* Haneke.xcodeproj */;
			proxyType = 2;
			remoteGlobalIDString = 6393C5F71C3B229200EB1FD8;
			remoteInfo = "Haneke-tvOS";
		};
		16787CB61CEA9F01009AF9E0 /* PBXContainerItemProxy */ = {
			isa = PBXContainerItemProxy;
			containerPortal = 16787CAB1CEA9F01009AF9E0 /* Haneke.xcodeproj */;
			proxyType = 2;
			remoteGlobalIDString = A095C9611980418C00CD0F4C;
			remoteInfo = HanekeTests;
		};
		16787CB81CEA9F01009AF9E0 /* PBXContainerItemProxy */ = {
			isa = PBXContainerItemProxy;
			containerPortal = 16787CAB1CEA9F01009AF9E0 /* Haneke.xcodeproj */;
			proxyType = 2;
			remoteGlobalIDString = A0026E9A19C9BFBC004DE0C6;
			remoteInfo = HanekeDemo;
		};
		16787CBA1CEA9F69009AF9E0 /* PBXContainerItemProxy */ = {
			isa = PBXContainerItemProxy;
			containerPortal = 16787CAB1CEA9F01009AF9E0 /* Haneke.xcodeproj */;
			proxyType = 1;
			remoteGlobalIDString = A095C9551980418C00CD0F4C;
			remoteInfo = "Haneke-iOS";
		};
		16787CC61CEAB4C6009AF9E0 /* PBXContainerItemProxy */ = {
			isa = PBXContainerItemProxy;
			containerPortal = 16787CAB1CEA9F01009AF9E0 /* Haneke.xcodeproj */;
			proxyType = 1;
			remoteGlobalIDString = A095C9551980418C00CD0F4C;
			remoteInfo = "Haneke-iOS";
		};
		16C1C9901CED3047001B6E88 /* PBXContainerItemProxy */ = {
			isa = PBXContainerItemProxy;
			containerPortal = 16C1C9861CED3047001B6E88 /* SwiftHTTP.xcodeproj */;
			proxyType = 2;
			remoteGlobalIDString = 6BFD901619C8D8B500DD99B6;
			remoteInfo = SwiftHTTP;
		};
		16C1C9921CED3047001B6E88 /* PBXContainerItemProxy */ = {
			isa = PBXContainerItemProxy;
			containerPortal = 16C1C9861CED3047001B6E88 /* SwiftHTTP.xcodeproj */;
			proxyType = 2;
			remoteGlobalIDString = 6BFD902119C8D8B500DD99B6;
			remoteInfo = SwiftHTTPTests;
		};
		16C1C9941CED3047001B6E88 /* PBXContainerItemProxy */ = {
			isa = PBXContainerItemProxy;
			containerPortal = 16C1C9861CED3047001B6E88 /* SwiftHTTP.xcodeproj */;
			proxyType = 2;
			remoteGlobalIDString = D958025919E6EEEB003C8218;
			remoteInfo = SwiftHTTPOSX;
		};
		16C1C9961CED3047001B6E88 /* PBXContainerItemProxy */ = {
			isa = PBXContainerItemProxy;
			containerPortal = 16C1C9861CED3047001B6E88 /* SwiftHTTP.xcodeproj */;
			proxyType = 2;
			remoteGlobalIDString = D958026319E6EEEB003C8218;
			remoteInfo = SwiftHTTPOSXTests;
		};
		16C1C9981CED3047001B6E88 /* PBXContainerItemProxy */ = {
			isa = PBXContainerItemProxy;
			containerPortal = 16C1C9861CED3047001B6E88 /* SwiftHTTP.xcodeproj */;
			proxyType = 2;
			remoteGlobalIDString = 5C135EC11C4733CD00AA3A01;
			remoteInfo = SwiftHTTPtvOS;
		};
		16C1C99A1CED3047001B6E88 /* PBXContainerItemProxy */ = {
			isa = PBXContainerItemProxy;
			containerPortal = 16C1C9861CED3047001B6E88 /* SwiftHTTP.xcodeproj */;
			proxyType = 2;
			remoteGlobalIDString = 5C135ECA1C4733CE00AA3A01;
			remoteInfo = SwiftHTTPtvOSTests;
		};
		16C1C99C1CED3047001B6E88 /* PBXContainerItemProxy */ = {
			isa = PBXContainerItemProxy;
			containerPortal = 16C1C9861CED3047001B6E88 /* SwiftHTTP.xcodeproj */;
			proxyType = 2;
			remoteGlobalIDString = 5C135FA91C4737E200AA3A01;
			remoteInfo = SwiftHTTPWatchOS;
		};
		16C1C9A91CED3218001B6E88 /* PBXContainerItemProxy */ = {
			isa = PBXContainerItemProxy;
			containerPortal = 16C1C9861CED3047001B6E88 /* SwiftHTTP.xcodeproj */;
			proxyType = 1;
			remoteGlobalIDString = 6BFD901519C8D8B500DD99B6;
			remoteInfo = SwiftHTTP;
		};
		FC36CEAF1CCB41940079404C /* PBXContainerItemProxy */ = {
			isa = PBXContainerItemProxy;
			containerPortal = FC36CE921CCB41940079404C /* Project object */;
			proxyType = 1;
			remoteGlobalIDString = FC36CE991CCB41940079404C;
			remoteInfo = RescueHero;
		};
		FC36CEBA1CCB41940079404C /* PBXContainerItemProxy */ = {
			isa = PBXContainerItemProxy;
			containerPortal = FC36CE921CCB41940079404C /* Project object */;
			proxyType = 1;
			remoteGlobalIDString = FC36CE991CCB41940079404C;
			remoteInfo = RescueHero;
		};
/* End PBXContainerItemProxy section */

/* Begin PBXCopyFilesBuildPhase section */
		16787CC81CEAB4C6009AF9E0 /* Embed Frameworks */ = {
			isa = PBXCopyFilesBuildPhase;
			buildActionMask = 2147483647;
			dstPath = "";
			dstSubfolderSpec = 10;
			files = (
				16C1C9A81CED3218001B6E88 /* SwiftHTTP.framework in Embed Frameworks */,
				16787CC51CEAB4C6009AF9E0 /* Haneke.framework in Embed Frameworks */,
			);
			name = "Embed Frameworks";
			runOnlyForDeploymentPostprocessing = 0;
		};
/* End PBXCopyFilesBuildPhase section */

/* Begin PBXFileReference section */
		03BCBE8E1CE6B24400CC322A /* Constants.swift */ = {isa = PBXFileReference; fileEncoding = 4; lastKnownFileType = sourcecode.swift; path = Constants.swift; sourceTree = "<group>"; };
		03BCBE921CE6B86600CC322A /* MapKit.framework */ = {isa = PBXFileReference; lastKnownFileType = wrapper.framework; name = MapKit.framework; path = System/Library/Frameworks/MapKit.framework; sourceTree = SDKROOT; };
		1638206C1CD341B000A3FB29 /* Reachability.swift */ = {isa = PBXFileReference; fileEncoding = 4; lastKnownFileType = sourcecode.swift; path = Reachability.swift; sourceTree = "<group>"; };
		1638206E1CD34D2400A3FB29 /* ReportTableCell.swift */ = {isa = PBXFileReference; fileEncoding = 4; lastKnownFileType = sourcecode.swift; path = ReportTableCell.swift; sourceTree = "<group>"; };
		16787CAB1CEA9F01009AF9E0 /* Haneke.xcodeproj */ = {isa = PBXFileReference; lastKnownFileType = "wrapper.pb-project"; name = Haneke.xcodeproj; path = "HanekeSwift-master/Haneke.xcodeproj"; sourceTree = "<group>"; };
		16787CC11CEAA499009AF9E0 /* Base */ = {isa = PBXFileReference; lastKnownFileType = file.storyboard; name = Base; path = Base.lproj/Main.storyboard; sourceTree = "<group>"; };
		16C1C9861CED3047001B6E88 /* SwiftHTTP.xcodeproj */ = {isa = PBXFileReference; lastKnownFileType = "wrapper.pb-project"; name = SwiftHTTP.xcodeproj; path = "SwiftHTTP-master/SwiftHTTP.xcodeproj"; sourceTree = "<group>"; };
		FC21A8141CCE0509007B1476 /* LoginVC.swift */ = {isa = PBXFileReference; fileEncoding = 4; lastKnownFileType = sourcecode.swift; path = LoginVC.swift; sourceTree = "<group>"; };
		FC21A8161CCE062A007B1476 /* SignupVC.swift */ = {isa = PBXFileReference; fileEncoding = 4; lastKnownFileType = sourcecode.swift; path = SignupVC.swift; sourceTree = "<group>"; };
		FC36CE9A1CCB41940079404C /* RescueHero.app */ = {isa = PBXFileReference; explicitFileType = wrapper.application; includeInIndex = 0; path = RescueHero.app; sourceTree = BUILT_PRODUCTS_DIR; };
		FC36CE9D1CCB41940079404C /* AppDelegate.swift */ = {isa = PBXFileReference; lastKnownFileType = sourcecode.swift; path = AppDelegate.swift; sourceTree = "<group>"; };
		FC36CE9F1CCB41940079404C /* ReportTableController.swift */ = {isa = PBXFileReference; lastKnownFileType = sourcecode.swift; path = ReportTableController.swift; sourceTree = "<group>"; };
		FC36CEA41CCB41940079404C /* Assets.xcassets */ = {isa = PBXFileReference; lastKnownFileType = folder.assetcatalog; path = Assets.xcassets; sourceTree = "<group>"; };
		FC36CEA71CCB41940079404C /* Base */ = {isa = PBXFileReference; lastKnownFileType = file.storyboard; name = Base; path = Base.lproj/LaunchScreen.storyboard; sourceTree = "<group>"; };
		FC36CEA91CCB41940079404C /* Info.plist */ = {isa = PBXFileReference; lastKnownFileType = text.plist.xml; path = Info.plist; sourceTree = "<group>"; };
		FC36CEAE1CCB41940079404C /* RescueHeroTests.xctest */ = {isa = PBXFileReference; explicitFileType = wrapper.cfbundle; includeInIndex = 0; path = RescueHeroTests.xctest; sourceTree = BUILT_PRODUCTS_DIR; };
		FC36CEB21CCB41940079404C /* RescueHeroTests.swift */ = {isa = PBXFileReference; lastKnownFileType = sourcecode.swift; path = RescueHeroTests.swift; sourceTree = "<group>"; };
		FC36CEB41CCB41940079404C /* Info.plist */ = {isa = PBXFileReference; lastKnownFileType = text.plist.xml; path = Info.plist; sourceTree = "<group>"; };
		FC36CEB91CCB41940079404C /* RescueHeroUITests.xctest */ = {isa = PBXFileReference; explicitFileType = wrapper.cfbundle; includeInIndex = 0; path = RescueHeroUITests.xctest; sourceTree = BUILT_PRODUCTS_DIR; };
		FC36CEBD1CCB41940079404C /* RescueHeroUITests.swift */ = {isa = PBXFileReference; lastKnownFileType = sourcecode.swift; path = RescueHeroUITests.swift; sourceTree = "<group>"; };
		FC36CEBF1CCB41940079404C /* Info.plist */ = {isa = PBXFileReference; lastKnownFileType = text.plist.xml; path = Info.plist; sourceTree = "<group>"; };
		FC8A41561CDBF4CD003C71DA /* AnimalVC.swift */ = {isa = PBXFileReference; fileEncoding = 4; lastKnownFileType = sourcecode.swift; path = AnimalVC.swift; sourceTree = "<group>"; };
		FC8A41581CDBF7EA003C71DA /* Animal.swift */ = {isa = PBXFileReference; fileEncoding = 4; lastKnownFileType = sourcecode.swift; path = Animal.swift; sourceTree = "<group>"; };
/* End PBXFileReference section */

/* Begin PBXFrameworksBuildPhase section */
		FC36CE971CCB41940079404C /* Frameworks */ = {
			isa = PBXFrameworksBuildPhase;
			buildActionMask = 2147483647;
			files = (
				16C1C9A71CED3218001B6E88 /* SwiftHTTP.framework in Frameworks */,
				16787CC41CEAB4C6009AF9E0 /* Haneke.framework in Frameworks */,
				03BCBE931CE6B86600CC322A /* MapKit.framework in Frameworks */,
			);
			runOnlyForDeploymentPostprocessing = 0;
		};
		FC36CEAB1CCB41940079404C /* Frameworks */ = {
			isa = PBXFrameworksBuildPhase;
			buildActionMask = 2147483647;
			files = (
			);
			runOnlyForDeploymentPostprocessing = 0;
		};
		FC36CEB61CCB41940079404C /* Frameworks */ = {
			isa = PBXFrameworksBuildPhase;
			buildActionMask = 2147483647;
			files = (
			);
			runOnlyForDeploymentPostprocessing = 0;
		};
/* End PBXFrameworksBuildPhase section */

/* Begin PBXGroup section */
		16787CAC1CEA9F01009AF9E0 /* Products */ = {
			isa = PBXGroup;
			children = (
				16787CB31CEA9F01009AF9E0 /* Haneke.framework */,
				16787CB51CEA9F01009AF9E0 /* Haneke.framework */,
				16787CB71CEA9F01009AF9E0 /* HanekeTests.xctest */,
				16787CB91CEA9F01009AF9E0 /* HanekeDemo.app */,
			);
			name = Products;
			sourceTree = "<group>";
		};
		16C1C9871CED3047001B6E88 /* Products */ = {
			isa = PBXGroup;
			children = (
				16C1C9911CED3047001B6E88 /* SwiftHTTP.framework */,
				16C1C9931CED3047001B6E88 /* SwiftHTTPTests.xctest */,
				16C1C9951CED3047001B6E88 /* SwiftHTTP.framework */,
				16C1C9971CED3047001B6E88 /* SwiftHTTPOSXTests.xctest */,
				16C1C9991CED3047001B6E88 /* SwiftHTTP.framework */,
				16C1C99B1CED3047001B6E88 /* SwiftHTTPtvOSTests.xctest */,
				16C1C99D1CED3047001B6E88 /* SwiftHTTP.framework */,
			);
			name = Products;
			sourceTree = "<group>";
		};
		FC36CE911CCB41940079404C = {
			isa = PBXGroup;
			children = (
				16C1C9861CED3047001B6E88 /* SwiftHTTP.xcodeproj */,
				03BCBE921CE6B86600CC322A /* MapKit.framework */,
				FC36CE9C1CCB41940079404C /* RescueHero */,
				FC36CEB11CCB41940079404C /* RescueHeroTests */,
				FC36CEBC1CCB41940079404C /* RescueHeroUITests */,
				FC36CE9B1CCB41940079404C /* Products */,
				16787CAB1CEA9F01009AF9E0 /* Haneke.xcodeproj */,
			);
			sourceTree = "<group>";
		};
		FC36CE9B1CCB41940079404C /* Products */ = {
			isa = PBXGroup;
			children = (
				FC36CE9A1CCB41940079404C /* RescueHero.app */,
				FC36CEAE1CCB41940079404C /* RescueHeroTests.xctest */,
				FC36CEB91CCB41940079404C /* RescueHeroUITests.xctest */,
			);
			name = Products;
			sourceTree = "<group>";
		};
		FC36CE9C1CCB41940079404C /* RescueHero */ = {
			isa = PBXGroup;
			children = (
				FC36CE9D1CCB41940079404C /* AppDelegate.swift */,
				FC36CE9F1CCB41940079404C /* ReportTableController.swift */,
				FC8A41561CDBF4CD003C71DA /* AnimalVC.swift */,
				FC36CEA41CCB41940079404C /* Assets.xcassets */,
				FC36CEA61CCB41940079404C /* LaunchScreen.storyboard */,
				16787CC01CEAA499009AF9E0 /* Main.storyboard */,
				FC36CEA91CCB41940079404C /* Info.plist */,
				FC21A8141CCE0509007B1476 /* LoginVC.swift */,
				FC21A8161CCE062A007B1476 /* SignupVC.swift */,
				1638206C1CD341B000A3FB29 /* Reachability.swift */,
				1638206E1CD34D2400A3FB29 /* ReportTableCell.swift */,
				FC8A41581CDBF7EA003C71DA /* Animal.swift */,
				03BCBE8E1CE6B24400CC322A /* Constants.swift */,
			);
			path = RescueHero;
			sourceTree = "<group>";
		};
		FC36CEB11CCB41940079404C /* RescueHeroTests */ = {
			isa = PBXGroup;
			children = (
				FC36CEB21CCB41940079404C /* RescueHeroTests.swift */,
				FC36CEB41CCB41940079404C /* Info.plist */,
			);
			path = RescueHeroTests;
			sourceTree = "<group>";
		};
		FC36CEBC1CCB41940079404C /* RescueHeroUITests */ = {
			isa = PBXGroup;
			children = (
				FC36CEBD1CCB41940079404C /* RescueHeroUITests.swift */,
				FC36CEBF1CCB41940079404C /* Info.plist */,
			);
			path = RescueHeroUITests;
			sourceTree = "<group>";
		};
/* End PBXGroup section */

/* Begin PBXNativeTarget section */
		FC36CE991CCB41940079404C /* RescueHero */ = {
			isa = PBXNativeTarget;
			buildConfigurationList = FC36CEC21CCB41940079404C /* Build configuration list for PBXNativeTarget "RescueHero" */;
			buildPhases = (
				FC36CE961CCB41940079404C /* Sources */,
				FC36CE971CCB41940079404C /* Frameworks */,
				FC36CE981CCB41940079404C /* Resources */,
				16787CC81CEAB4C6009AF9E0 /* Embed Frameworks */,
			);
			buildRules = (
			);
			dependencies = (
				16787CBB1CEA9F69009AF9E0 /* PBXTargetDependency */,
				16787CC71CEAB4C6009AF9E0 /* PBXTargetDependency */,
				16C1C9AA1CED3218001B6E88 /* PBXTargetDependency */,
			);
			name = RescueHero;
			productName = RescueHero;
			productReference = FC36CE9A1CCB41940079404C /* RescueHero.app */;
			productType = "com.apple.product-type.application";
		};
		FC36CEAD1CCB41940079404C /* RescueHeroTests */ = {
			isa = PBXNativeTarget;
			buildConfigurationList = FC36CEC51CCB41940079404C /* Build configuration list for PBXNativeTarget "RescueHeroTests" */;
			buildPhases = (
				FC36CEAA1CCB41940079404C /* Sources */,
				FC36CEAB1CCB41940079404C /* Frameworks */,
				FC36CEAC1CCB41940079404C /* Resources */,
			);
			buildRules = (
			);
			dependencies = (
				FC36CEB01CCB41940079404C /* PBXTargetDependency */,
			);
			name = RescueHeroTests;
			productName = RescueHeroTests;
			productReference = FC36CEAE1CCB41940079404C /* RescueHeroTests.xctest */;
			productType = "com.apple.product-type.bundle.unit-test";
		};
		FC36CEB81CCB41940079404C /* RescueHeroUITests */ = {
			isa = PBXNativeTarget;
			buildConfigurationList = FC36CEC81CCB41940079404C /* Build configuration list for PBXNativeTarget "RescueHeroUITests" */;
			buildPhases = (
				FC36CEB51CCB41940079404C /* Sources */,
				FC36CEB61CCB41940079404C /* Frameworks */,
				FC36CEB71CCB41940079404C /* Resources */,
			);
			buildRules = (
			);
			dependencies = (
				FC36CEBB1CCB41940079404C /* PBXTargetDependency */,
			);
			name = RescueHeroUITests;
			productName = RescueHeroUITests;
			productReference = FC36CEB91CCB41940079404C /* RescueHeroUITests.xctest */;
			productType = "com.apple.product-type.bundle.ui-testing";
		};
/* End PBXNativeTarget section */

/* Begin PBXProject section */
		FC36CE921CCB41940079404C /* Project object */ = {
			isa = PBXProject;
			attributes = {
				LastSwiftUpdateCheck = 0730;
				LastUpgradeCheck = 0730;
				ORGANIZATIONNAME = "David Scheibe";
				TargetAttributes = {
					FC36CE991CCB41940079404C = {
						CreatedOnToolsVersion = 7.3;
						DevelopmentTeam = 7Y7CE8RK7G;
						SystemCapabilities = {
							com.apple.Maps.iOS = {
								enabled = 1;
							};
						};
					};
					FC36CEAD1CCB41940079404C = {
						CreatedOnToolsVersion = 7.3;
						TestTargetID = FC36CE991CCB41940079404C;
					};
					FC36CEB81CCB41940079404C = {
						CreatedOnToolsVersion = 7.3;
						TestTargetID = FC36CE991CCB41940079404C;
					};
				};
			};
			buildConfigurationList = FC36CE951CCB41940079404C /* Build configuration list for PBXProject "RescueHero" */;
			compatibilityVersion = "Xcode 3.2";
			developmentRegion = English;
			hasScannedForEncodings = 0;
			knownRegions = (
				en,
				Base,
			);
			mainGroup = FC36CE911CCB41940079404C;
			productRefGroup = FC36CE9B1CCB41940079404C /* Products */;
			projectDirPath = "";
			projectReferences = (
				{
					ProductGroup = 16787CAC1CEA9F01009AF9E0 /* Products */;
					ProjectRef = 16787CAB1CEA9F01009AF9E0 /* Haneke.xcodeproj */;
				},
				{
					ProductGroup = 16C1C9871CED3047001B6E88 /* Products */;
					ProjectRef = 16C1C9861CED3047001B6E88 /* SwiftHTTP.xcodeproj */;
				},
			);
			projectRoot = "";
			targets = (
				FC36CE991CCB41940079404C /* RescueHero */,
				FC36CEAD1CCB41940079404C /* RescueHeroTests */,
				FC36CEB81CCB41940079404C /* RescueHeroUITests */,
			);
		};
/* End PBXProject section */

/* Begin PBXReferenceProxy section */
		16787CB31CEA9F01009AF9E0 /* Haneke.framework */ = {
			isa = PBXReferenceProxy;
			fileType = wrapper.framework;
			path = Haneke.framework;
			remoteRef = 16787CB21CEA9F01009AF9E0 /* PBXContainerItemProxy */;
			sourceTree = BUILT_PRODUCTS_DIR;
		};
		16787CB51CEA9F01009AF9E0 /* Haneke.framework */ = {
			isa = PBXReferenceProxy;
			fileType = wrapper.framework;
			path = Haneke.framework;
			remoteRef = 16787CB41CEA9F01009AF9E0 /* PBXContainerItemProxy */;
			sourceTree = BUILT_PRODUCTS_DIR;
		};
		16787CB71CEA9F01009AF9E0 /* HanekeTests.xctest */ = {
			isa = PBXReferenceProxy;
			fileType = wrapper.cfbundle;
			path = HanekeTests.xctest;
			remoteRef = 16787CB61CEA9F01009AF9E0 /* PBXContainerItemProxy */;
			sourceTree = BUILT_PRODUCTS_DIR;
		};
		16787CB91CEA9F01009AF9E0 /* HanekeDemo.app */ = {
			isa = PBXReferenceProxy;
			fileType = wrapper.application;
			path = HanekeDemo.app;
			remoteRef = 16787CB81CEA9F01009AF9E0 /* PBXContainerItemProxy */;
			sourceTree = BUILT_PRODUCTS_DIR;
		};
		16C1C9911CED3047001B6E88 /* SwiftHTTP.framework */ = {
			isa = PBXReferenceProxy;
			fileType = wrapper.framework;
			path = SwiftHTTP.framework;
			remoteRef = 16C1C9901CED3047001B6E88 /* PBXContainerItemProxy */;
			sourceTree = BUILT_PRODUCTS_DIR;
		};
		16C1C9931CED3047001B6E88 /* SwiftHTTPTests.xctest */ = {
			isa = PBXReferenceProxy;
			fileType = wrapper.cfbundle;
			path = SwiftHTTPTests.xctest;
			remoteRef = 16C1C9921CED3047001B6E88 /* PBXContainerItemProxy */;
			sourceTree = BUILT_PRODUCTS_DIR;
		};
		16C1C9951CED3047001B6E88 /* SwiftHTTP.framework */ = {
			isa = PBXReferenceProxy;
			fileType = wrapper.framework;
			path = SwiftHTTP.framework;
			remoteRef = 16C1C9941CED3047001B6E88 /* PBXContainerItemProxy */;
			sourceTree = BUILT_PRODUCTS_DIR;
		};
		16C1C9971CED3047001B6E88 /* SwiftHTTPOSXTests.xctest */ = {
			isa = PBXReferenceProxy;
			fileType = wrapper.cfbundle;
			path = SwiftHTTPOSXTests.xctest;
			remoteRef = 16C1C9961CED3047001B6E88 /* PBXContainerItemProxy */;
			sourceTree = BUILT_PRODUCTS_DIR;
		};
		16C1C9991CED3047001B6E88 /* SwiftHTTP.framework */ = {
			isa = PBXReferenceProxy;
			fileType = wrapper.framework;
			path = SwiftHTTP.framework;
			remoteRef = 16C1C9981CED3047001B6E88 /* PBXContainerItemProxy */;
			sourceTree = BUILT_PRODUCTS_DIR;
		};
		16C1C99B1CED3047001B6E88 /* SwiftHTTPtvOSTests.xctest */ = {
			isa = PBXReferenceProxy;
			fileType = wrapper.cfbundle;
			path = SwiftHTTPtvOSTests.xctest;
			remoteRef = 16C1C99A1CED3047001B6E88 /* PBXContainerItemProxy */;
			sourceTree = BUILT_PRODUCTS_DIR;
		};
		16C1C99D1CED3047001B6E88 /* SwiftHTTP.framework */ = {
			isa = PBXReferenceProxy;
			fileType = wrapper.framework;
			path = SwiftHTTP.framework;
			remoteRef = 16C1C99C1CED3047001B6E88 /* PBXContainerItemProxy */;
			sourceTree = BUILT_PRODUCTS_DIR;
		};
/* End PBXReferenceProxy section */

/* Begin PBXResourcesBuildPhase section */
		FC36CE981CCB41940079404C /* Resources */ = {
			isa = PBXResourcesBuildPhase;
			buildActionMask = 2147483647;
			files = (
				16787CC21CEAA499009AF9E0 /* Main.storyboard in Resources */,
				FC36CEA81CCB41940079404C /* LaunchScreen.storyboard in Resources */,
				FC36CEA51CCB41940079404C /* Assets.xcassets in Resources */,
			);
			runOnlyForDeploymentPostprocessing = 0;
		};
		FC36CEAC1CCB41940079404C /* Resources */ = {
			isa = PBXResourcesBuildPhase;
			buildActionMask = 2147483647;
			files = (
			);
			runOnlyForDeploymentPostprocessing = 0;
		};
		FC36CEB71CCB41940079404C /* Resources */ = {
			isa = PBXResourcesBuildPhase;
			buildActionMask = 2147483647;
			files = (
			);
			runOnlyForDeploymentPostprocessing = 0;
		};
/* End PBXResourcesBuildPhase section */

/* Begin PBXSourcesBuildPhase section */
		FC36CE961CCB41940079404C /* Sources */ = {
			isa = PBXSourcesBuildPhase;
			buildActionMask = 2147483647;
			files = (
				FC21A8171CCE062A007B1476 /* SignupVC.swift in Sources */,
				FC8A41591CDBF7EA003C71DA /* Animal.swift in Sources */,
				FC36CEA01CCB41940079404C /* ReportTableController.swift in Sources */,
				1638206F1CD34D2400A3FB29 /* ReportTableCell.swift in Sources */,
				FC36CE9E1CCB41940079404C /* AppDelegate.swift in Sources */,
				FC8A41571CDBF4CD003C71DA /* AnimalVC.swift in Sources */,
				1638206D1CD341B000A3FB29 /* Reachability.swift in Sources */,
				FC21A8151CCE0509007B1476 /* LoginVC.swift in Sources */,
				03BCBE8F1CE6B24400CC322A /* Constants.swift in Sources */,
			);
			runOnlyForDeploymentPostprocessing = 0;
		};
		FC36CEAA1CCB41940079404C /* Sources */ = {
			isa = PBXSourcesBuildPhase;
			buildActionMask = 2147483647;
			files = (
				FC36CEB31CCB41940079404C /* RescueHeroTests.swift in Sources */,
			);
			runOnlyForDeploymentPostprocessing = 0;
		};
		FC36CEB51CCB41940079404C /* Sources */ = {
			isa = PBXSourcesBuildPhase;
			buildActionMask = 2147483647;
			files = (
				FC36CEBE1CCB41940079404C /* RescueHeroUITests.swift in Sources */,
			);
			runOnlyForDeploymentPostprocessing = 0;
		};
/* End PBXSourcesBuildPhase section */

/* Begin PBXTargetDependency section */
		16787CBB1CEA9F69009AF9E0 /* PBXTargetDependency */ = {
			isa = PBXTargetDependency;
			name = "Haneke-iOS";
			targetProxy = 16787CBA1CEA9F69009AF9E0 /* PBXContainerItemProxy */;
		};
		16787CC71CEAB4C6009AF9E0 /* PBXTargetDependency */ = {
			isa = PBXTargetDependency;
			name = "Haneke-iOS";
			targetProxy = 16787CC61CEAB4C6009AF9E0 /* PBXContainerItemProxy */;
		};
		16C1C9AA1CED3218001B6E88 /* PBXTargetDependency */ = {
			isa = PBXTargetDependency;
			name = SwiftHTTP;
			targetProxy = 16C1C9A91CED3218001B6E88 /* PBXContainerItemProxy */;
		};
		FC36CEB01CCB41940079404C /* PBXTargetDependency */ = {
			isa = PBXTargetDependency;
			target = FC36CE991CCB41940079404C /* RescueHero */;
			targetProxy = FC36CEAF1CCB41940079404C /* PBXContainerItemProxy */;
		};
		FC36CEBB1CCB41940079404C /* PBXTargetDependency */ = {
			isa = PBXTargetDependency;
			target = FC36CE991CCB41940079404C /* RescueHero */;
			targetProxy = FC36CEBA1CCB41940079404C /* PBXContainerItemProxy */;
		};
/* End PBXTargetDependency section */

/* Begin PBXVariantGroup section */
		16787CC01CEAA499009AF9E0 /* Main.storyboard */ = {
			isa = PBXVariantGroup;
			children = (
				16787CC11CEAA499009AF9E0 /* Base */,
			);
			name = Main.storyboard;
			sourceTree = "<group>";
		};
		FC36CEA61CCB41940079404C /* LaunchScreen.storyboard */ = {
			isa = PBXVariantGroup;
			children = (
				FC36CEA71CCB41940079404C /* Base */,
			);
			name = LaunchScreen.storyboard;
			sourceTree = "<group>";
		};
/* End PBXVariantGroup section */

/* Begin XCBuildConfiguration section */
		FC36CEC01CCB41940079404C /* Debug */ = {
			isa = XCBuildConfiguration;
			buildSettings = {
				ALWAYS_SEARCH_USER_PATHS = NO;
				CLANG_ANALYZER_NONNULL = YES;
				CLANG_CXX_LANGUAGE_STANDARD = "gnu++0x";
				CLANG_CXX_LIBRARY = "libc++";
				CLANG_ENABLE_MODULES = YES;
				CLANG_ENABLE_OBJC_ARC = YES;
				CLANG_WARN_BOOL_CONVERSION = YES;
				CLANG_WARN_CONSTANT_CONVERSION = YES;
				CLANG_WARN_DIRECT_OBJC_ISA_USAGE = YES_ERROR;
				CLANG_WARN_EMPTY_BODY = YES;
				CLANG_WARN_ENUM_CONVERSION = YES;
				CLANG_WARN_INT_CONVERSION = YES;
				CLANG_WARN_OBJC_ROOT_CLASS = YES_ERROR;
				CLANG_WARN_UNREACHABLE_CODE = YES;
				CLANG_WARN__DUPLICATE_METHOD_MATCH = YES;
				"CODE_SIGN_IDENTITY[sdk=iphoneos*]" = "iPhone Developer";
				COPY_PHASE_STRIP = NO;
				DEBUG_INFORMATION_FORMAT = dwarf;
				ENABLE_STRICT_OBJC_MSGSEND = YES;
				ENABLE_TESTABILITY = YES;
				GCC_C_LANGUAGE_STANDARD = gnu99;
				GCC_DYNAMIC_NO_PIC = NO;
				GCC_NO_COMMON_BLOCKS = YES;
				GCC_OPTIMIZATION_LEVEL = 0;
				GCC_PREPROCESSOR_DEFINITIONS = (
					"DEBUG=1",
					"$(inherited)",
				);
				GCC_WARN_64_TO_32_BIT_CONVERSION = YES;
				GCC_WARN_ABOUT_RETURN_TYPE = YES_ERROR;
				GCC_WARN_UNDECLARED_SELECTOR = YES;
				GCC_WARN_UNINITIALIZED_AUTOS = YES_AGGRESSIVE;
				GCC_WARN_UNUSED_FUNCTION = YES;
				GCC_WARN_UNUSED_VARIABLE = YES;
				IPHONEOS_DEPLOYMENT_TARGET = 9.3;
				MTL_ENABLE_DEBUG_INFO = YES;
				ONLY_ACTIVE_ARCH = YES;
				SDKROOT = iphoneos;
				SUPPORTED_PLATFORMS = "iphonesimulator iphoneos";
				SWIFT_OPTIMIZATION_LEVEL = "-Onone";
				TARGETED_DEVICE_FAMILY = "1,2";
			};
			name = Debug;
		};
		FC36CEC11CCB41940079404C /* Release */ = {
			isa = XCBuildConfiguration;
			buildSettings = {
				ALWAYS_SEARCH_USER_PATHS = NO;
				CLANG_ANALYZER_NONNULL = YES;
				CLANG_CXX_LANGUAGE_STANDARD = "gnu++0x";
				CLANG_CXX_LIBRARY = "libc++";
				CLANG_ENABLE_MODULES = YES;
				CLANG_ENABLE_OBJC_ARC = YES;
				CLANG_WARN_BOOL_CONVERSION = YES;
				CLANG_WARN_CONSTANT_CONVERSION = YES;
				CLANG_WARN_DIRECT_OBJC_ISA_USAGE = YES_ERROR;
				CLANG_WARN_EMPTY_BODY = YES;
				CLANG_WARN_ENUM_CONVERSION = YES;
				CLANG_WARN_INT_CONVERSION = YES;
				CLANG_WARN_OBJC_ROOT_CLASS = YES_ERROR;
				CLANG_WARN_UNREACHABLE_CODE = YES;
				CLANG_WARN__DUPLICATE_METHOD_MATCH = YES;
				"CODE_SIGN_IDENTITY[sdk=iphoneos*]" = "iPhone Developer";
				COPY_PHASE_STRIP = NO;
				DEBUG_INFORMATION_FORMAT = "dwarf-with-dsym";
				ENABLE_NS_ASSERTIONS = NO;
				ENABLE_STRICT_OBJC_MSGSEND = YES;
				GCC_C_LANGUAGE_STANDARD = gnu99;
				GCC_NO_COMMON_BLOCKS = YES;
				GCC_WARN_64_TO_32_BIT_CONVERSION = YES;
				GCC_WARN_ABOUT_RETURN_TYPE = YES_ERROR;
				GCC_WARN_UNDECLARED_SELECTOR = YES;
				GCC_WARN_UNINITIALIZED_AUTOS = YES_AGGRESSIVE;
				GCC_WARN_UNUSED_FUNCTION = YES;
				GCC_WARN_UNUSED_VARIABLE = YES;
				IPHONEOS_DEPLOYMENT_TARGET = 9.3;
				MTL_ENABLE_DEBUG_INFO = NO;
				SDKROOT = iphoneos;
				SUPPORTED_PLATFORMS = "iphonesimulator iphoneos";
				TARGETED_DEVICE_FAMILY = "1,2";
				VALIDATE_PRODUCT = YES;
			};
			name = Release;
		};
		FC36CEC31CCB41940079404C /* Debug */ = {
			isa = XCBuildConfiguration;
			buildSettings = {
				ASSETCATALOG_COMPILER_APPICON_NAME = AppIcon;
				CLANG_ENABLE_MODULES = YES;
				CODE_SIGN_IDENTITY = "iPhone Developer";
				"CODE_SIGN_IDENTITY[sdk=iphoneos*]" = "iPhone Developer";
				EMBEDDED_CONTENT_CONTAINS_SWIFT = YES;
				INFOPLIST_FILE = RescueHero/Info.plist;
				LD_RUNPATH_SEARCH_PATHS = "$(inherited) @executable_path/Frameworks";
				PRODUCT_BUNDLE_IDENTIFIER = "Joey-LLC..RescueHero";
				PRODUCT_NAME = "$(TARGET_NAME)";
				PROVISIONING_PROFILE = "";
				SWIFT_OBJC_BRIDGING_HEADER = "RescueHero-Bridging-Header.h";
				SWIFT_OPTIMIZATION_LEVEL = "-Onone";
			};
			name = Debug;
		};
		FC36CEC41CCB41940079404C /* Release */ = {
			isa = XCBuildConfiguration;
			buildSettings = {
				ASSETCATALOG_COMPILER_APPICON_NAME = AppIcon;
				CLANG_ENABLE_MODULES = YES;
				CODE_SIGN_IDENTITY = "iPhone Developer";
				"CODE_SIGN_IDENTITY[sdk=iphoneos*]" = "iPhone Developer";
				EMBEDDED_CONTENT_CONTAINS_SWIFT = YES;
				INFOPLIST_FILE = RescueHero/Info.plist;
				LD_RUNPATH_SEARCH_PATHS = "$(inherited) @executable_path/Frameworks";
				PRODUCT_BUNDLE_IDENTIFIER = "Joey-LLC..RescueHero";
				PRODUCT_NAME = "$(TARGET_NAME)";
				PROVISIONING_PROFILE = "";
				SWIFT_OBJC_BRIDGING_HEADER = "RescueHero-Bridging-Header.h";
			};
			name = Release;
		};
		FC36CEC61CCB41940079404C /* Debug */ = {
			isa = XCBuildConfiguration;
			buildSettings = {
				BUNDLE_LOADER = "$(TEST_HOST)";
				INFOPLIST_FILE = RescueHeroTests/Info.plist;
				LD_RUNPATH_SEARCH_PATHS = "$(inherited) @executable_path/Frameworks @loader_path/Frameworks";
				PRODUCT_BUNDLE_IDENTIFIER = "Scheibe-LLC..RescueHeroTests";
				PRODUCT_NAME = "$(TARGET_NAME)";
				TEST_HOST = "$(BUILT_PRODUCTS_DIR)/RescueHero.app/RescueHero";
			};
			name = Debug;
		};
		FC36CEC71CCB41940079404C /* Release */ = {
			isa = XCBuildConfiguration;
			buildSettings = {
				BUNDLE_LOADER = "$(TEST_HOST)";
				INFOPLIST_FILE = RescueHeroTests/Info.plist;
				LD_RUNPATH_SEARCH_PATHS = "$(inherited) @executable_path/Frameworks @loader_path/Frameworks";
				PRODUCT_BUNDLE_IDENTIFIER = "Scheibe-LLC..RescueHeroTests";
				PRODUCT_NAME = "$(TARGET_NAME)";
				TEST_HOST = "$(BUILT_PRODUCTS_DIR)/RescueHero.app/RescueHero";
			};
			name = Release;
		};
		FC36CEC91CCB41940079404C /* Debug */ = {
			isa = XCBuildConfiguration;
			buildSettings = {
				INFOPLIST_FILE = RescueHeroUITests/Info.plist;
				LD_RUNPATH_SEARCH_PATHS = "$(inherited) @executable_path/Frameworks @loader_path/Frameworks";
				PRODUCT_BUNDLE_IDENTIFIER = "Scheibe-LLC..RescueHeroUITests";
				PRODUCT_NAME = "$(TARGET_NAME)";
				TEST_TARGET_NAME = RescueHero;
			};
			name = Debug;
		};
		FC36CECA1CCB41940079404C /* Release */ = {
			isa = XCBuildConfiguration;
			buildSettings = {
				INFOPLIST_FILE = RescueHeroUITests/Info.plist;
				LD_RUNPATH_SEARCH_PATHS = "$(inherited) @executable_path/Frameworks @loader_path/Frameworks";
				PRODUCT_BUNDLE_IDENTIFIER = "Scheibe-LLC..RescueHeroUITests";
				PRODUCT_NAME = "$(TARGET_NAME)";
				TEST_TARGET_NAME = RescueHero;
			};
			name = Release;
		};
/* End XCBuildConfiguration section */

/* Begin XCConfigurationList section */
		FC36CE951CCB41940079404C /* Build configuration list for PBXProject "RescueHero" */ = {
			isa = XCConfigurationList;
			buildConfigurations = (
				FC36CEC01CCB41940079404C /* Debug */,
				FC36CEC11CCB41940079404C /* Release */,
			);
			defaultConfigurationIsVisible = 0;
			defaultConfigurationName = Release;
		};
		FC36CEC21CCB41940079404C /* Build configuration list for PBXNativeTarget "RescueHero" */ = {
			isa = XCConfigurationList;
			buildConfigurations = (
				FC36CEC31CCB41940079404C /* Debug */,
				FC36CEC41CCB41940079404C /* Release */,
			);
			defaultConfigurationIsVisible = 0;
			defaultConfigurationName = Release;
		};
		FC36CEC51CCB41940079404C /* Build configuration list for PBXNativeTarget "RescueHeroTests" */ = {
			isa = XCConfigurationList;
			buildConfigurations = (
				FC36CEC61CCB41940079404C /* Debug */,
				FC36CEC71CCB41940079404C /* Release */,
			);
			defaultConfigurationIsVisible = 0;
			defaultConfigurationName = Release;
		};
		FC36CEC81CCB41940079404C /* Build configuration list for PBXNativeTarget "RescueHeroUITests" */ = {
			isa = XCConfigurationList;
			buildConfigurations = (
				FC36CEC91CCB41940079404C /* Debug */,
				FC36CECA1CCB41940079404C /* Release */,
			);
			defaultConfigurationIsVisible = 0;
			defaultConfigurationName = Release;
		};
/* End XCConfigurationList section */
	};
	rootObject = FC36CE921CCB41940079404C /* Project object */;
}
